
Microsoft Visual Studio Solution File, Format Version 12.00
# Visual Studio Version 17
VisualStudioVersion = 17.5.002.0
MinimumVisualStudioVersion = 10.0.40219.1
Project("{9A19103F-16F7-4668-BE54-9A1E7A4F7556}") = "consoleApp", "consoleApp\consoleApp.csproj", "{F5C6F111-B171-46C8-9A28-9446EE2BA36B}"
EndProject
Global
	GlobalSection(SolutionConfigurationPlatforms) = preSolution
		Debug|Any CPU = Debug|Any CPU
		Release|Any CPU = Release|Any CPU
	EndGlobalSection
	GlobalSection(ProjectConfigurationPlatforms) = postSolution
		{F5C6F111-B171-46C8-9A28-9446EE2BA36B}.Debug|Any CPU.ActiveCfg = Debug|Any CPU
		{F5C6F111-B171-46C8-9A28-9446EE2BA36B}.Debug|Any CPU.Build.0 = Debug|Any CPU
		{F5C6F111-B171-46C8-9A28-9446EE2BA36B}.Release|Any CPU.ActiveCfg = Release|Any CPU
		{F5C6F111-B171-46C8-9A28-9446EE2BA36B}.Release|Any CPU.Build.0 = Release|Any CPU
	EndGlobalSection
	GlobalSection(SolutionProperties) = preSolution
		HideSolutionNode = FALSE
	EndGlobalSection
	GlobalSection(ExtensibilityGlobals) = postSolution
		SolutionGuid = {8CAE9174-C4D3-4332-A908-B1AE397D647A}
	EndGlobalSection
EndGlobal
